
Microsoft Visual Studio Solution File, Format Version 12.00
# Visual Studio Version 16
VisualStudioVersion = 16.0.31624.102
MinimumVisualStudioVersion = 10.0.40219.1
Project("{FAE04EC0-301F-11D3-BF4B-00C04F79EFBC}") = "GITDemo", "GITDemo\GITDemo.csproj", "{36CC2D71-DA3A-4767-888C-68112DC644B2}"
EndProject
Global
	GlobalSection(SolutionConfigurationPlatforms) = preSolution
		Debug|Any CPU = Debug|Any CPU
		Release|Any CPU = Release|Any CPU
	EndGlobalSection
	GlobalSection(ProjectConfigurationPlatforms) = postSolution
		{36CC2D71-DA3A-4767-888C-68112DC644B2}.Debug|Any CPU.ActiveCfg = Debug|Any CPU
		{36CC2D71-DA3A-4767-888C-68112DC644B2}.Debug|Any CPU.Build.0 = Debug|Any CPU
		{36CC2D71-DA3A-4767-888C-68112DC644B2}.Release|Any CPU.ActiveCfg = Release|Any CPU
		{36CC2D71-DA3A-4767-888C-68112DC644B2}.Release|Any CPU.Build.0 = Release|Any CPU
	EndGlobalSection
	GlobalSection(SolutionProperties) = preSolution
		HideSolutionNode = FALSE
	EndGlobalSection
	GlobalSection(ExtensibilityGlobals) = postSolution
		SolutionGuid = {C5A4DEE4-02C1-419D-9EF4-69FB453C65BF}
	EndGlobalSection
EndGlobal
